<?xml version="1.0" encoding="utf-8"?>
<Project ToolsVersion="4.0" xmlns="http://schemas.microsoft.com/developer/msbuild/2003">
  <ItemGroup>
    <Filter Include="소스 파일">
      <UniqueIdentifier>{4FC737F1-C7A5-4376-A066-2A32D752A2FF}</UniqueIdentifier>
      <Extensions>cpp;c;cc;cxx;def;odl;idl;hpj;bat;asm;asmx</Extensions>
    </Filter>
    <Filter Include="헤더 파일">
      <UniqueIdentifier>{93995380-89BD-4b04-88EB-625FBE52EBFB}</UniqueIdentifier>
      <Extensions>h;hh;hpp;hxx;hm;inl;inc;ipp;xsd</Extensions>
    </Filter>
    <Filter Include="리소스 파일">
      <UniqueIdentifier>{67DA6AB6-F800-4c08-8B7A-83BB121AAD01}</UniqueIdentifier>
      <Extensions>rc;ico;cur;bmp;dlg;rc2;rct;bin;rgs;gif;jpg;jpeg;jpe;resx;tiff;tif;png;wav;mfcribbon-ms</Extensions>
    </Filter>
  </ItemGroup>
  <ItemGroup>
    <ClCompile Include="Effective C++.cpp">
      <Filter>소스 파일</Filter>
    </ClCompile>
  </ItemGroup>
  <ItemGroup>
    <None Include="C\C Basic" />
    <None Include="C++\C++ Basic" />
    <None Include="Common\Const(상수)" />
    <None Include="Common\Data Type(자료형)" />
    <None Include="Common\Structure Type(구조체)" />
    <None Include="CS\Program" />
    <None Include="VS\Build Process" />
    <None Include="VS\Shortcut Keys" />
    <None Include="Common\Pointer\Pointer%28포인터%29" />
    <None Include="Common\ControlStatement\Control Statement%28제어문%29" />
    <None Include="Common\Variable\Variable%28변수%29" />
    <None Include="Common\Function\Function%28함수%29" />
    <None Include="Common\Operator\Operator%28연산자%29" />
    <None Include="Common\Const\Const(상수)" />
    <None Include="Common\DataType\Data Type(자료형)" />
    <None Include="Common\StructureType\Structure Type(구조체)" />
  </ItemGroup>
  <ItemGroup>
    <Text Include="Common\Character\Character%28문자%29" />
    <Text Include="Common\DynamicAllocation\Dynamic Allocation%28동적할당%29" />
  </ItemGroup>
  <ItemGroup>
    <ClInclude Include="Common\Character\Character.h">
      <Filter>헤더 파일</Filter>
    </ClInclude>
    <ClInclude Include="Common\DynamicAllocation\DynamicAllocation.h">
      <Filter>헤더 파일</Filter>
    </ClInclude>
  </ItemGroup>
</Project>