
Microsoft Visual Studio Solution File, Format Version 12.00
# Visual Studio 15
VisualStudioVersion = 15.0.28307.1259
MinimumVisualStudioVersion = 10.0.40219.1
Project("{8BC9CEB8-8B4A-11D0-8D11-00A0C91BC942}") = "Effective C++", "Effective C++\Effective C++.vcxproj", "{F45D81EF-69ED-44C6-8638-86DC040C1AB4}"
EndProject
Global
	GlobalSection(SolutionConfigurationPlatforms) = preSolution
		Debug|ARM = Debug|ARM
		Debug|x64 = Debug|x64
		Debug|x86 = Debug|x86
		Release|ARM = Release|ARM
		Release|x64 = Release|x64
		Release|x86 = Release|x86
	EndGlobalSection
	GlobalSection(ProjectConfigurationPlatforms) = postSolution
		{F45D81EF-69ED-44C6-8638-86DC040C1AB4}.Debug|ARM.ActiveCfg = Debug|ARM
		{F45D81EF-69ED-44C6-8638-86DC040C1AB4}.Debug|ARM.Build.0 = Debug|ARM
		{F45D81EF-69ED-44C6-8638-86DC040C1AB4}.Debug|x64.ActiveCfg = Debug|x64
		{F45D81EF-69ED-44C6-8638-86DC040C1AB4}.Debug|x64.Build.0 = Debug|x64
		{F45D81EF-69ED-44C6-8638-86DC040C1AB4}.Debug|x86.ActiveCfg = Debug|Win32
		{F45D81EF-69ED-44C6-8638-86DC040C1AB4}.Debug|x86.Build.0 = Debug|Win32
		{F45D81EF-69ED-44C6-8638-86DC040C1AB4}.Release|ARM.ActiveCfg = Release|ARM
		{F45D81EF-69ED-44C6-8638-86DC040C1AB4}.Release|ARM.Build.0 = Release|ARM
		{F45D81EF-69ED-44C6-8638-86DC040C1AB4}.Release|x64.ActiveCfg = Release|x64
		{F45D81EF-69ED-44C6-8638-86DC040C1AB4}.Release|x64.Build.0 = Release|x64
		{F45D81EF-69ED-44C6-8638-86DC040C1AB4}.Release|x86.ActiveCfg = Release|Win32
		{F45D81EF-69ED-44C6-8638-86DC040C1AB4}.Release|x86.Build.0 = Release|Win32
	EndGlobalSection
	GlobalSection(SolutionProperties) = preSolution
		HideSolutionNode = FALSE
	EndGlobalSection
	GlobalSection(ExtensibilityGlobals) = postSolution
		SolutionGuid = {4970C1CC-29AF-4C13-9967-944DAAF308B3}
	EndGlobalSection
EndGlobal
